{
  "name": "kenya-administrative-divisions",
  "version": "0.0.14",
  "lockfileVersion": 2,
  "requires": true,
  "packages": {
    "": {
      "name": "kenya-administrative-divisions",
      "version": "0.0.14",
      "license": "MIT",
      "dependencies": {
        "kenya-administrative-divisions": "^0.0.14"
      },
      "devDependencies": {
        "@types/node": "^20.8.3",
        "typescript": "^5.2.2"
      }
    },
    "node_modules/@types/node": {
      "version": "20.8.3",
      "resolved": "https://registry.npmjs.org/@types/node/-/node-20.8.3.tgz",
      "integrity": "sha512-jxiZQFpb+NlH5kjW49vXxvxTjeeqlbsnTAdBTKpzEdPs9itay7MscYXz3Fo9VYFEsfQ6LJFitHad3faerLAjCw==",
      "dev": true
    },
    "node_modules/kenya-administrative-divisions": {
      "version": "0.0.14",
      "resolved": "https://registry.npmjs.org/kenya-administrative-divisions/-/kenya-administrative-divisions-0.0.14.tgz",
      "integrity": "sha512-EheOcRzZ0Afc1D+Z16f9YcpusEDC9gPLDBVaV5fVKPWapYjgMVC5oiZeU4ZPFprbceGUcxLTwejwZiyNLpckTQ=="
    },
    "node_modules/typescript": {
      "version": "5.2.2",
      "resolved": "https://registry.npmjs.org/typescript/-/typescript-5.2.2.tgz",
      "integrity": "sha512-mI4WrpHsbCIcwT9cF4FZvr80QUeKvsUsUvKDoR+X/7XHQH98xYD8YHZg7ANtz2GtZt/CBq2QJ0thkGJMHfqc1w==",
      "dev": true,
      "bin": {
        "tsc": "bin/tsc",
        "tsserver": "bin/tsserver"
      },
      "engines": {
        "node": ">=14.17"
      }
    }
  },
  "dependencies": {
    "@types/node": {
      "version": "20.8.3",
      "resolved": "https://registry.npmjs.org/@types/node/-/node-20.8.3.tgz",
      "integrity": "sha512-jxiZQFpb+NlH5kjW49vXxvxTjeeqlbsnTAdBTKpzEdPs9itay7MscYXz3Fo9VYFEsfQ6LJFitHad3faerLAjCw==",
      "dev": true
    },
    "kenya-administrative-divisions": {
      "version": "0.0.14",
      "resolved": "https://registry.npmjs.org/kenya-administrative-divisions/-/kenya-administrative-divisions-0.0.14.tgz",
      "integrity": "sha512-EheOcRzZ0Afc1D+Z16f9YcpusEDC9gPLDBVaV5fVKPWapYjgMVC5oiZeU4ZPFprbceGUcxLTwejwZiyNLpckTQ=="
    },
    "typescript": {
      "version": "5.2.2",
      "resolved": "https://registry.npmjs.org/typescript/-/typescript-5.2.2.tgz",
      "integrity": "sha512-mI4WrpHsbCIcwT9cF4FZvr80QUeKvsUsUvKDoR+X/7XHQH98xYD8YHZg7ANtz2GtZt/CBq2QJ0thkGJMHfqc1w==",
      "dev": true
    }
  }
}
